// !$*UTF8*$!
{
	archiveVersion = 1;
	classes = {
	};
	objectVersion = 50;
	objects = {

/* Begin PBXBuildFile section */
		3D4CF2EB2180C6E900D57144 /* AppDelegate.swift in Sources */ = {isa = PBXBuildFile; fileRef = 3D4CF2EA2180C6E900D57144 /* AppDelegate.swift */; };
		3D4CF2ED2180C6E900D57144 /* ViewController.swift in Sources */ = {isa = PBXBuildFile; fileRef = 3D4CF2EC2180C6E900D57144 /* ViewController.swift */; };
		3D4CF2F02180C6E900D57144 /* Main.storyboard in Resources */ = {isa = PBXBuildFile; fileRef = 3D4CF2EE2180C6E900D57144 /* Main.storyboard */; };
		3D4CF2F22180C6EB00D57144 /* Assets.xcassets in Resources */ = {isa = PBXBuildFile; fileRef = 3D4CF2F12180C6EB00D57144 /* Assets.xcassets */; };
		3D4CF2F52180C6EB00D57144 /* LaunchScreen.storyboard in Resources */ = {isa = PBXBuildFile; fileRef = 3D4CF2F32180C6EB00D57144 /* LaunchScreen.storyboard */; };
		3D4CF3002180C6EB00D57144 /* OpenCVTests.swift in Sources */ = {isa = PBXBuildFile; fileRef = 3D4CF2FF2180C6EB00D57144 /* OpenCVTests.swift */; };
/* End PBXBuildFile section */

/* Begin PBXContainerItemProxy section */
		3D4CF2FC2180C6EB00D57144 /* PBXContainerItemProxy */ = {
			isa = PBXContainerItemProxy;
			containerPortal = 3D4CF2DF2180C6E900D57144 /* Project object */;
			proxyType = 1;
			remoteGlobalIDString = 3D4CF2E62180C6E900D57144;
			remoteInfo = OpenCV;
		};
/* End PBXContainerItemProxy section */

/* Begin PBXFileReference section */
		3D4CF2E72180C6E900D57144 /* OpenCV.app */ = {isa = PBXFileReference; explicitFileType = wrapper.application; includeInIndex = 0; path = OpenCV.app; sourceTree = BUILT_PRODUCTS_DIR; };
		3D4CF2EA2180C6E900D57144 /* AppDelegate.swift */ = {isa = PBXFileReference; lastKnownFileType = sourcecode.swift; path = AppDelegate.swift; sourceTree = "<group>"; };
		3D4CF2EC2180C6E900D57144 /* ViewController.swift */ = {isa = PBXFileReference; lastKnownFileType = sourcecode.swift; path = ViewController.swift; sourceTree = "<group>"; };
		3D4CF2EF2180C6E900D57144 /* Base */ = {isa = PBXFileReference; lastKnownFileType = file.storyboard; name = Base; path = Base.lproj/Main.storyboard; sourceTree = "<group>"; };
		3D4CF2F12180C6EB00D57144 /* Assets.xcassets */ = {isa = PBXFileReference; lastKnownFileType = folder.assetcatalog; path = Assets.xcassets; sourceTree = "<group>"; };
		3D4CF2F42180C6EB00D57144 /* Base */ = {isa = PBXFileReference; lastKnownFileType = file.storyboard; name = Base; path = Base.lproj/LaunchScreen.storyboard; sourceTree = "<group>"; };
		3D4CF2F62180C6EB00D57144 /* Info.plist */ = {isa = PBXFileReference; lastKnownFileType = text.plist.xml; path = Info.plist; sourceTree = "<group>"; };
		3D4CF2FB2180C6EB00D57144 /* OpenCVTests.xctest */ = {isa = PBXFileReference; explicitFileType = wrapper.cfbundle; includeInIndex = 0; path = OpenCVTests.xctest; sourceTree = BUILT_PRODUCTS_DIR; };
		3D4CF2FF2180C6EB00D57144 /* OpenCVTests.swift */ = {isa = PBXFileReference; lastKnownFileType = sourcecode.swift; path = OpenCVTests.swift; sourceTree = "<group>"; };
		3D4CF3012180C6EB00D57144 /* Info.plist */ = {isa = PBXFileReference; lastKnownFileType = text.plist.xml; path = Info.plist; sourceTree = "<group>"; };
/* End PBXFileReference section */

/* Begin PBXFrameworksBuildPhase section */
		3D4CF2E42180C6E900D57144 /* Frameworks */ = {
			isa = PBXFrameworksBuildPhase;
			buildActionMask = 2147483647;
			files = (
			);
			runOnlyForDeploymentPostprocessing = 0;
		};
		3D4CF2F82180C6EB00D57144 /* Frameworks */ = {
			isa = PBXFrameworksBuildPhase;
			buildActionMask = 2147483647;
			files = (
			);
			runOnlyForDeploymentPostprocessing = 0;
		};
/* End PBXFrameworksBuildPhase section */

/* Begin PBXGroup section */
		3D4CF2DE2180C6E900D57144 = {
			isa = PBXGroup;
			children = (
				3D4CF2E92180C6E900D57144 /* OpenCV */,
				3D4CF2FE2180C6EB00D57144 /* OpenCVTests */,
				3D4CF2E82180C6E900D57144 /* Products */,
			);
			sourceTree = "<group>";
		};
		3D4CF2E82180C6E900D57144 /* Products */ = {
			isa = PBXGroup;
			children = (
				3D4CF2E72180C6E900D57144 /* OpenCV.app */,
				3D4CF2FB2180C6EB00D57144 /* OpenCVTests.xctest */,
			);
			name = Products;
			sourceTree = "<group>";
		};
		3D4CF2E92180C6E900D57144 /* OpenCV */ = {
			isa = PBXGroup;
			children = (
				3D4CF2EA2180C6E900D57144 /* AppDelegate.swift */,
				3D4CF2EC2180C6E900D57144 /* ViewController.swift */,
				3D4CF2EE2180C6E900D57144 /* Main.storyboard */,
				3D4CF2F12180C6EB00D57144 /* Assets.xcassets */,
				3D4CF2F32180C6EB00D57144 /* LaunchScreen.storyboard */,
				3D4CF2F62180C6EB00D57144 /* Info.plist */,
			);
			path = OpenCV;
			sourceTree = "<group>";
		};
		3D4CF2FE2180C6EB00D57144 /* OpenCVTests */ = {
			isa = PBXGroup;
			children = (
				3D4CF2FF2180C6EB00D57144 /* OpenCVTests.swift */,
				3D4CF3012180C6EB00D57144 /* Info.plist */,
			);
			path = OpenCVTests;
			sourceTree = "<group>";
		};
/* End PBXGroup section */

/* Begin PBXNativeTarget section */
		3D4CF2E62180C6E900D57144 /* OpenCV */ = {
			isa = PBXNativeTarget;
			buildConfigurationList = 3D4CF3042180C6EB00D57144 /* Build configuration list for PBXNativeTarget "OpenCV" */;
			buildPhases = (
				3D4CF2E32180C6E900D57144 /* Sources */,
				3D4CF2E42180C6E900D57144 /* Frameworks */,
				3D4CF2E52180C6E900D57144 /* Resources */,
			);
			buildRules = (
			);
			dependencies = (
			);
			name = OpenCV;
			productName = OpenCV;
			productReference = 3D4CF2E72180C6E900D57144 /* OpenCV.app */;
			productType = "com.apple.product-type.application";
		};
		3D4CF2FA2180C6EB00D57144 /* OpenCVTests */ = {
			isa = PBXNativeTarget;
			buildConfigurationList = 3D4CF3072180C6EB00D57144 /* Build configuration list for PBXNativeTarget "OpenCVTests" */;
			buildPhases = (
				3D4CF2F72180C6EB00D57144 /* Sources */,
				3D4CF2F82180C6EB00D57144 /* Frameworks */,
				3D4CF2F92180C6EB00D57144 /* Resources */,
			);
			buildRules = (
			);
			dependencies = (
				3D4CF2FD2180C6EB00D57144 /* PBXTargetDependency */,
			);
			name = OpenCVTests;
			productName = OpenCVTests;
			productReference = 3D4CF2FB2180C6EB00D57144 /* OpenCVTests.xctest */;
			productType = "com.apple.product-type.bundle.unit-test";
		};
/* End PBXNativeTarget section */

/* Begin PBXProject section */
		3D4CF2DF2180C6E900D57144 /* Project object */ = {
			isa = PBXProject;
			attributes = {
				LastSwiftUpdateCheck = 0940;
				LastUpgradeCheck = 0940;
				ORGANIZATIONNAME = BinaryBoy;
				TargetAttributes = {
					3D4CF2E62180C6E900D57144 = {
						CreatedOnToolsVersion = 9.4;
					};
					3D4CF2FA2180C6EB00D57144 = {
						CreatedOnToolsVersion = 9.4;
						TestTargetID = 3D4CF2E62180C6E900D57144;
					};
				};
			};
			buildConfigurationList = 3D4CF2E22180C6E900D57144 /* Build configuration list for PBXProject "OpenCV" */;
			compatibilityVersion = "Xcode 9.3";
			developmentRegion = en;
			hasScannedForEncodings = 0;
			knownRegions = (
				en,
				Base,
			);
			mainGroup = 3D4CF2DE2180C6E900D57144;
			productRefGroup = 3D4CF2E82180C6E900D57144 /* Products */;
			projectDirPath = "";
			projectRoot = "";
			targets = (
				3D4CF2E62180C6E900D57144 /* OpenCV */,
				3D4CF2FA2180C6EB00D57144 /* OpenCVTests */,
			);
		};
/* End PBXProject section */

/* Begin PBXResourcesBuildPhase section */
		3D4CF2E52180C6E900D57144 /* Resources */ = {
			isa = PBXResourcesBuildPhase;
			buildActionMask = 2147483647;
			files = (
				3D4CF2F52180C6EB00D57144 /* LaunchScreen.storyboard in Resources */,
				3D4CF2F22180C6EB00D57144 /* Assets.xcassets in Resources */,
				3D4CF2F02180C6E900D57144 /* Main.storyboard in Resources */,
			);
			runOnlyForDeploymentPostprocessing = 0;
		};
		3D4CF2F92180C6EB00D57144 /* Resources */ = {
			isa = PBXResourcesBuildPhase;
			buildActionMask = 2147483647;
			files = (
			);
			runOnlyForDeploymentPostprocessing = 0;
		};
/* End PBXResourcesBuildPhase section */

/* Begin PBXSourcesBuildPhase section */
		3D4CF2E32180C6E900D57144 /* Sources */ = {
			isa = PBXSourcesBuildPhase;
			buildActionMask = 2147483647;
			files = (
				3D4CF2ED2180C6E900D57144 /* ViewController.swift in Sources */,
				3D4CF2EB2180C6E900D57144 /* AppDelegate.swift in Sources */,
			);
			runOnlyForDeploymentPostprocessing = 0;
		};
		3D4CF2F72180C6EB00D57144 /* Sources */ = {
			isa = PBXSourcesBuildPhase;
			buildActionMask = 2147483647;
			files = (
				3D4CF3002180C6EB00D57144 /* OpenCVTests.swift in Sources */,
			);
			runOnlyForDeploymentPostprocessing = 0;
		};
/* End PBXSourcesBuildPhase section */

/* Begin PBXTargetDependency section */
		3D4CF2FD2180C6EB00D57144 /* PBXTargetDependency */ = {
			isa = PBXTargetDependency;
			target = 3D4CF2E62180C6E900D57144 /* OpenCV */;
			targetProxy = 3D4CF2FC2180C6EB00D57144 /* PBXContainerItemProxy */;
		};
/* End PBXTargetDependency section */

/* Begin PBXVariantGroup section */
		3D4CF2EE2180C6E900D57144 /* Main.storyboard */ = {
			isa = PBXVariantGroup;
			children = (
				3D4CF2EF2180C6E900D57144 /* Base */,
			);
			name = Main.storyboard;
			sourceTree = "<group>";
		};
		3D4CF2F32180C6EB00D57144 /* LaunchScreen.storyboard */ = {
			isa = PBXVariantGroup;
			children = (
				3D4CF2F42180C6EB00D57144 /* Base */,
			);
			name = LaunchScreen.storyboard;
			sourceTree = "<group>";
		};
/* End PBXVariantGroup section */

/* Begin XCBuildConfiguration section */
		3D4CF3022180C6EB00D57144 /* Debug */ = {
			isa = XCBuildConfiguration;
			buildSettings = {
				ALWAYS_SEARCH_USER_PATHS = NO;
				CLANG_ANALYZER_NONNULL = YES;
				CLANG_ANALYZER_NUMBER_OBJECT_CONVERSION = YES_AGGRESSIVE;
				CLANG_CXX_LANGUAGE_STANDARD = "gnu++14";
				CLANG_CXX_LIBRARY = "libc++";
				CLANG_ENABLE_MODULES = YES;
				CLANG_ENABLE_OBJC_ARC = YES;
				CLANG_ENABLE_OBJC_WEAK = YES;
				CLANG_WARN_BLOCK_CAPTURE_AUTORELEASING = YES;
				CLANG_WARN_BOOL_CONVERSION = YES;
				CLANG_WARN_COMMA = YES;
				CLANG_WARN_CONSTANT_CONVERSION = YES;
				CLANG_WARN_DEPRECATED_OBJC_IMPLEMENTATIONS = YES;
				CLANG_WARN_DIRECT_OBJC_ISA_USAGE = YES_ERROR;
				CLANG_WARN_DOCUMENTATION_COMMENTS = YES;
				CLANG_WARN_EMPTY_BODY = YES;
				CLANG_WARN_ENUM_CONVERSION = YES;
				CLANG_WARN_INFINITE_RECURSION = YES;
				CLANG_WARN_INT_CONVERSION = YES;
				CLANG_WARN_NON_LITERAL_NULL_CONVERSION = YES;
				CLANG_WARN_OBJC_IMPLICIT_RETAIN_SELF = YES;
				CLANG_WARN_OBJC_LITERAL_CONVERSION = YES;
				CLANG_WARN_OBJC_ROOT_CLASS = YES_ERROR;
				CLANG_WARN_RANGE_LOOP_ANALYSIS = YES;
				CLANG_WARN_STRICT_PROTOTYPES = YES;
				CLANG_WARN_SUSPICIOUS_MOVE = YES;
				CLANG_WARN_UNGUARDED_AVAILABILITY = YES_AGGRESSIVE;
				CLANG_WARN_UNREACHABLE_CODE = YES;
				CLANG_WARN__DUPLICATE_METHOD_MATCH = YES;
				CODE_SIGN_IDENTITY = "iPhone Developer";
				COPY_PHASE_STRIP = NO;
				DEBUG_INFORMATION_FORMAT = dwarf;
				ENABLE_STRICT_OBJC_MSGSEND = YES;
				ENABLE_TESTABILITY = YES;
				GCC_C_LANGUAGE_STANDARD = gnu11;
				GCC_DYNAMIC_NO_PIC = NO;
				GCC_NO_COMMON_BLOCKS = YES;
				GCC_OPTIMIZATION_LEVEL = 0;
				GCC_PREPROCESSOR_DEFINITIONS = (
					"DEBUG=1",
					"$(inherited)",
				);
				GCC_WARN_64_TO_32_BIT_CONVERSION = YES;
				GCC_WARN_ABOUT_RETURN_TYPE = YES_ERROR;
				GCC_WARN_UNDECLARED_SELECTOR = YES;
				GCC_WARN_UNINITIALIZED_AUTOS = YES_AGGRESSIVE;
				GCC_WARN_UNUSED_FUNCTION = YES;
				GCC_WARN_UNUSED_VARIABLE = YES;
				IPHONEOS_DEPLOYMENT_TARGET = 11.4;
				MTL_ENABLE_DEBUG_INFO = YES;
				ONLY_ACTIVE_ARCH = YES;
				SDKROOT = iphoneos;
				SWIFT_ACTIVE_COMPILATION_CONDITIONS = DEBUG;
				SWIFT_OPTIMIZATION_LEVEL = "-Onone";
			};
			name = Debug;
		};
		3D4CF3032180C6EB00D57144 /* Release */ = {
			isa = XCBuildConfiguration;
			buildSettings = {
				ALWAYS_SEARCH_USER_PATHS = NO;
				CLANG_ANALYZER_NONNULL = YES;
				CLANG_ANALYZER_NUMBER_OBJECT_CONVERSION = YES_AGGRESSIVE;
				CLANG_CXX_LANGUAGE_STANDARD = "gnu++14";
				CLANG_CXX_LIBRARY = "libc++";
				CLANG_ENABLE_MODULES = YES;
				CLANG_ENABLE_OBJC_ARC = YES;
				CLANG_ENABLE_OBJC_WEAK = YES;
				CLANG_WARN_BLOCK_CAPTURE_AUTORELEASING = YES;
				CLANG_WARN_BOOL_CONVERSION = YES;
				CLANG_WARN_COMMA = YES;
				CLANG_WARN_CONSTANT_CONVERSION = YES;
				CLANG_WARN_DEPRECATED_OBJC_IMPLEMENTATIONS = YES;
				CLANG_WARN_DIRECT_OBJC_ISA_USAGE = YES_ERROR;
				CLANG_WARN_DOCUMENTATION_COMMENTS = YES;
				CLANG_WARN_EMPTY_BODY = YES;
				CLANG_WARN_ENUM_CONVERSION = YES;
				CLANG_WARN_INFINITE_RECURSION = YES;
				CLANG_WARN_INT_CONVERSION = YES;
				CLANG_WARN_NON_LITERAL_NULL_CONVERSION = YES;
				CLANG_WARN_OBJC_IMPLICIT_RETAIN_SELF = YES;
				CLANG_WARN_OBJC_LITERAL_CONVERSION = YES;
				CLANG_WARN_OBJC_ROOT_CLASS = YES_ERROR;
				CLANG_WARN_RANGE_LOOP_ANALYSIS = YES;
				CLANG_WARN_STRICT_PROTOTYPES = YES;
				CLANG_WARN_SUSPICIOUS_MOVE = YES;
				CLANG_WARN_UNGUARDED_AVAILABILITY = YES_AGGRESSIVE;
				CLANG_WARN_UNREACHABLE_CODE = YES;
				CLANG_WARN__DUPLICATE_METHOD_MATCH = YES;
				CODE_SIGN_IDENTITY = "iPhone Developer";
				COPY_PHASE_STRIP = NO;
				DEBUG_INFORMATION_FORMAT = "dwarf-with-dsym";
				ENABLE_NS_ASSERTIONS = NO;
				ENABLE_STRICT_OBJC_MSGSEND = YES;
				GCC_C_LANGUAGE_STANDARD = gnu11;
				GCC_NO_COMMON_BLOCKS = YES;
				GCC_WARN_64_TO_32_BIT_CONVERSION = YES;
				GCC_WARN_ABOUT_RETURN_TYPE = YES_ERROR;
				GCC_WARN_UNDECLARED_SELECTOR = YES;
				GCC_WARN_UNINITIALIZED_AUTOS = YES_AGGRESSIVE;
				GCC_WARN_UNUSED_FUNCTION = YES;
				GCC_WARN_UNUSED_VARIABLE = YES;
				IPHONEOS_DEPLOYMENT_TARGET = 11.4;
				MTL_ENABLE_DEBUG_INFO = NO;
				SDKROOT = iphoneos;
				SWIFT_COMPILATION_MODE = wholemodule;
				SWIFT_OPTIMIZATION_LEVEL = "-O";
				VALIDATE_PRODUCT = YES;
			};
			name = Release;
		};
		3D4CF3052180C6EB00D57144 /* Debug */ = {
			isa = XCBuildConfiguration;
			buildSettings = {
				ASSETCATALOG_COMPILER_APPICON_NAME = AppIcon;
				CODE_SIGN_STYLE = Automatic;
				DEVELOPMENT_TEAM = 7QH458A3QD;
				INFOPLIST_FILE = OpenCV/Info.plist;
				LD_RUNPATH_SEARCH_PATHS = (
					"$(inherited)",
					"@executable_path/Frameworks",
				);
				PRODUCT_BUNDLE_IDENTIFIER = dimo.hamdy.OpenCV;
				PRODUCT_NAME = "$(TARGET_NAME)";
				SWIFT_VERSION = 4.0;
				TARGETED_DEVICE_FAMILY = "1,2";
			};
			name = Debug;
		};
		3D4CF3062180C6EB00D57144 /* Release */ = {
			isa = XCBuildConfiguration;
			buildSettings = {
				ASSETCATALOG_COMPILER_APPICON_NAME = AppIcon;
				CODE_SIGN_STYLE = Automatic;
				DEVELOPMENT_TEAM = 7QH458A3QD;
				INFOPLIST_FILE = OpenCV/Info.plist;
				LD_RUNPATH_SEARCH_PATHS = (
					"$(inherited)",
					"@executable_path/Frameworks",
				);
				PRODUCT_BUNDLE_IDENTIFIER = dimo.hamdy.OpenCV;
				PRODUCT_NAME = "$(TARGET_NAME)";
				SWIFT_VERSION = 4.0;
				TARGETED_DEVICE_FAMILY = "1,2";
			};
			name = Release;
		};
		3D4CF3082180C6EB00D57144 /* Debug */ = {
			isa = XCBuildConfiguration;
			buildSettings = {
				ALWAYS_EMBED_SWIFT_STANDARD_LIBRARIES = YES;
				BUNDLE_LOADER = "$(TEST_HOST)";
				CODE_SIGN_STYLE = Automatic;
				DEVELOPMENT_TEAM = 7QH458A3QD;
				INFOPLIST_FILE = OpenCVTests/Info.plist;
				LD_RUNPATH_SEARCH_PATHS = (
					"$(inherited)",
					"@executable_path/Frameworks",
					"@loader_path/Frameworks",
				);
				PRODUCT_BUNDLE_IDENTIFIER = dimo.hamdy.OpenCVTests;
				PRODUCT_NAME = "$(TARGET_NAME)";
				SWIFT_VERSION = 4.0;
				TARGETED_DEVICE_FAMILY = "1,2";
				TEST_HOST = "$(BUILT_PRODUCTS_DIR)/OpenCV.app/OpenCV";
			};
			name = Debug;
		};
		3D4CF3092180C6EB00D57144 /* Release */ = {
			isa = XCBuildConfiguration;
			buildSettings = {
				ALWAYS_EMBED_SWIFT_STANDARD_LIBRARIES = YES;
				BUNDLE_LOADER = "$(TEST_HOST)";
				CODE_SIGN_STYLE = Automatic;
				DEVELOPMENT_TEAM = 7QH458A3QD;
				INFOPLIST_FILE = OpenCVTests/Info.plist;
				LD_RUNPATH_SEARCH_PATHS = (
					"$(inherited)",
					"@executable_path/Frameworks",
					"@loader_path/Frameworks",
				);
				PRODUCT_BUNDLE_IDENTIFIER = dimo.hamdy.OpenCVTests;
				PRODUCT_NAME = "$(TARGET_NAME)";
				SWIFT_VERSION = 4.0;
				TARGETED_DEVICE_FAMILY = "1,2";
				TEST_HOST = "$(BUILT_PRODUCTS_DIR)/OpenCV.app/OpenCV";
			};
			name = Release;
		};
/* End XCBuildConfiguration section */

/* Begin XCConfigurationList section */
		3D4CF2E22180C6E900D57144 /* Build configuration list for PBXProject "OpenCV" */ = {
			isa = XCConfigurationList;
			buildConfigurations = (
				3D4CF3022180C6EB00D57144 /* Debug */,
				3D4CF3032180C6EB00D57144 /* Release */,
			);
			defaultConfigurationIsVisible = 0;
			defaultConfigurationName = Release;
		};
		3D4CF3042180C6EB00D57144 /* Build configuration list for PBXNativeTarget "OpenCV" */ = {
			isa = XCConfigurationList;
			buildConfigurations = (
				3D4CF3052180C6EB00D57144 /* Debug */,
				3D4CF3062180C6EB00D57144 /* Release */,
			);
			defaultConfigurationIsVisible = 0;
			defaultConfigurationName = Release;
		};
		3D4CF3072180C6EB00D57144 /* Build configuration list for PBXNativeTarget "OpenCVTests" */ = {
			isa = XCConfigurationList;
			buildConfigurations = (
				3D4CF3082180C6EB00D57144 /* Debug */,
				3D4CF3092180C6EB00D57144 /* Release */,
			);
			defaultConfigurationIsVisible = 0;
			defaultConfigurationName = Release;
		};
/* End XCConfigurationList section */
	};
	rootObject = 3D4CF2DF2180C6E900D57144 /* Project object */;
}
